
Microsoft Visual Studio Solution File, Format Version 12.00
# Visual Studio 15
VisualStudioVersion = 15.0.28307.271
MinimumVisualStudioVersion = 10.0.40219.1
Project("{FAE04EC0-301F-11D3-BF4B-00C04F79EFBC}") = "OCAssignment3", "OCAssignment3\OCAssignment3.csproj", "{F827A890-5092-4594-8253-433D540A5DB3}"
EndProject
Global
	GlobalSection(SolutionConfigurationPlatforms) = preSolution
		Debug|Any CPU = Debug|Any CPU
		Release|Any CPU = Release|Any CPU
	EndGlobalSection
	GlobalSection(ProjectConfigurationPlatforms) = postSolution
		{F827A890-5092-4594-8253-433D540A5DB3}.Debug|Any CPU.ActiveCfg = Debug|Any CPU
		{F827A890-5092-4594-8253-433D540A5DB3}.Debug|Any CPU.Build.0 = Debug|Any CPU
		{F827A890-5092-4594-8253-433D540A5DB3}.Release|Any CPU.ActiveCfg = Release|Any CPU
		{F827A890-5092-4594-8253-433D540A5DB3}.Release|Any CPU.Build.0 = Release|Any CPU
	EndGlobalSection
	GlobalSection(SolutionProperties) = preSolution
		HideSolutionNode = FALSE
	EndGlobalSection
	GlobalSection(ExtensibilityGlobals) = postSolution
		SolutionGuid = {09DF0B75-5B20-4038-BBF3-B623221CF3AF}
	EndGlobalSection
EndGlobal
